// !$*UTF8*$!
{
	archiveVersion = 1;
	classes = {
	};
	objectVersion = 56;
	objects = {

/* Begin PBXBuildFile section */
		09D1D0492B9EE92600091D7E /* AppDelegate.swift in Sources */ = {isa = PBXBuildFile; fileRef = 09D1D0482B9EE92600091D7E /* AppDelegate.swift */; };
		09D1D04B2B9EE92600091D7E /* SceneDelegate.swift in Sources */ = {isa = PBXBuildFile; fileRef = 09D1D04A2B9EE92600091D7E /* SceneDelegate.swift */; };
		09D1D04D2B9EE92600091D7E /* ViewController.swift in Sources */ = {isa = PBXBuildFile; fileRef = 09D1D04C2B9EE92600091D7E /* ViewController.swift */; };
		09D1D0502B9EE92600091D7E /* Base in Resources */ = {isa = PBXBuildFile; fileRef = 09D1D04F2B9EE92600091D7E /* Base */; };
		09D1D0522B9EE92700091D7E /* Assets.xcassets in Resources */ = {isa = PBXBuildFile; fileRef = 09D1D0512B9EE92700091D7E /* Assets.xcassets */; };
		09D1D0552B9EE92700091D7E /* Base in Resources */ = {isa = PBXBuildFile; fileRef = 09D1D0542B9EE92700091D7E /* Base */; };
		09D1D05E2B9EE93200091D7E /* SnapKit in Frameworks */ = {isa = PBXBuildFile; productRef = 09D1D05D2B9EE93200091D7E /* SnapKit */; };
		09D1D0602B9EE93200091D7E /* SnapKit-Dynamic in Frameworks */ = {isa = PBXBuildFile; productRef = 09D1D05F2B9EE93200091D7E /* SnapKit-Dynamic */; };
		09D1D0632B9EE93C00091D7E /* Kingfisher in Frameworks */ = {isa = PBXBuildFile; productRef = 09D1D0622B9EE93C00091D7E /* Kingfisher */; };
		09D1D0662B9EE94C00091D7E /* Alamofire in Frameworks */ = {isa = PBXBuildFile; productRef = 09D1D0652B9EE94C00091D7E /* Alamofire */; };
		09D1D0682B9EE94C00091D7E /* AlamofireDynamic in Frameworks */ = {isa = PBXBuildFile; productRef = 09D1D0672B9EE94C00091D7E /* AlamofireDynamic */; };
		09D1D06B2B9EE96E00091D7E /* Eureka in Frameworks */ = {isa = PBXBuildFile; productRef = 09D1D06A2B9EE96E00091D7E /* Eureka */; };
		09D1D0722B9EEC2A00091D7E /* NetworkManager.swift in Sources */ = {isa = PBXBuildFile; fileRef = 09D1D0712B9EEC2A00091D7E /* NetworkManager.swift */; };
		09D1D0742B9EEC4300091D7E /* User.swift in Sources */ = {isa = PBXBuildFile; fileRef = 09D1D0732B9EEC4300091D7E /* User.swift */; };
		09D1D0762B9EED4500091D7E /* TokenResponse.swift in Sources */ = {isa = PBXBuildFile; fileRef = 09D1D0752B9EED4500091D7E /* TokenResponse.swift */; };
		09D1D0782B9EEDE000091D7E /* SignUpViewController.swift in Sources */ = {isa = PBXBuildFile; fileRef = 09D1D0772B9EEDE000091D7E /* SignUpViewController.swift */; };
		09D1D07A2B9EF88A00091D7E /* SignInViewController.swift in Sources */ = {isa = PBXBuildFile; fileRef = 09D1D0792B9EF88A00091D7E /* SignInViewController.swift */; };
/* End PBXBuildFile section */

/* Begin PBXFileReference section */
		09D1D0452B9EE92600091D7E /* BankApiCornerStone.app */ = {isa = PBXFileReference; explicitFileType = wrapper.application; includeInIndex = 0; path = BankApiCornerStone.app; sourceTree = BUILT_PRODUCTS_DIR; };
		09D1D0482B9EE92600091D7E /* AppDelegate.swift */ = {isa = PBXFileReference; lastKnownFileType = sourcecode.swift; path = AppDelegate.swift; sourceTree = "<group>"; };
		09D1D04A2B9EE92600091D7E /* SceneDelegate.swift */ = {isa = PBXFileReference; lastKnownFileType = sourcecode.swift; path = SceneDelegate.swift; sourceTree = "<group>"; };
		09D1D04C2B9EE92600091D7E /* ViewController.swift */ = {isa = PBXFileReference; lastKnownFileType = sourcecode.swift; path = ViewController.swift; sourceTree = "<group>"; };
		09D1D04F2B9EE92600091D7E /* Base */ = {isa = PBXFileReference; lastKnownFileType = file.storyboard; name = Base; path = Base.lproj/Main.storyboard; sourceTree = "<group>"; };
		09D1D0512B9EE92700091D7E /* Assets.xcassets */ = {isa = PBXFileReference; lastKnownFileType = folder.assetcatalog; path = Assets.xcassets; sourceTree = "<group>"; };
		09D1D0542B9EE92700091D7E /* Base */ = {isa = PBXFileReference; lastKnownFileType = file.storyboard; name = Base; path = Base.lproj/LaunchScreen.storyboard; sourceTree = "<group>"; };
		09D1D0562B9EE92700091D7E /* Info.plist */ = {isa = PBXFileReference; lastKnownFileType = text.plist.xml; path = Info.plist; sourceTree = "<group>"; };
		09D1D0712B9EEC2A00091D7E /* NetworkManager.swift */ = {isa = PBXFileReference; lastKnownFileType = sourcecode.swift; path = NetworkManager.swift; sourceTree = "<group>"; };
		09D1D0732B9EEC4300091D7E /* User.swift */ = {isa = PBXFileReference; lastKnownFileType = sourcecode.swift; path = User.swift; sourceTree = "<group>"; };
		09D1D0752B9EED4500091D7E /* TokenResponse.swift */ = {isa = PBXFileReference; lastKnownFileType = sourcecode.swift; path = TokenResponse.swift; sourceTree = "<group>"; };
		09D1D0772B9EEDE000091D7E /* SignUpViewController.swift */ = {isa = PBXFileReference; lastKnownFileType = sourcecode.swift; path = SignUpViewController.swift; sourceTree = "<group>"; };
		09D1D0792B9EF88A00091D7E /* SignInViewController.swift */ = {isa = PBXFileReference; lastKnownFileType = sourcecode.swift; path = SignInViewController.swift; sourceTree = "<group>"; };
/* End PBXFileReference section */

/* Begin PBXFrameworksBuildPhase section */
		09D1D0422B9EE92600091D7E /* Frameworks */ = {
			isa = PBXFrameworksBuildPhase;
			buildActionMask = 2147483647;
			files = (
				09D1D0632B9EE93C00091D7E /* Kingfisher in Frameworks */,
				09D1D0662B9EE94C00091D7E /* Alamofire in Frameworks */,
				09D1D0682B9EE94C00091D7E /* AlamofireDynamic in Frameworks */,
				09D1D05E2B9EE93200091D7E /* SnapKit in Frameworks */,
				09D1D0602B9EE93200091D7E /* SnapKit-Dynamic in Frameworks */,
				09D1D06B2B9EE96E00091D7E /* Eureka in Frameworks */,
			);
			runOnlyForDeploymentPostprocessing = 0;
		};
/* End PBXFrameworksBuildPhase section */

/* Begin PBXGroup section */
		09D1D03C2B9EE92600091D7E = {
			isa = PBXGroup;
			children = (
				09D1D0472B9EE92600091D7E /* BankApiCornerStone */,
				09D1D06F2B9EEA4700091D7E /* Model */,
				09D1D0462B9EE92600091D7E /* Products */,
			);
			sourceTree = "<group>";
		};
		09D1D0462B9EE92600091D7E /* Products */ = {
			isa = PBXGroup;
			children = (
				09D1D0452B9EE92600091D7E /* BankApiCornerStone.app */,
			);
			name = Products;
			sourceTree = "<group>";
		};
		09D1D0472B9EE92600091D7E /* BankApiCornerStone */ = {
			isa = PBXGroup;
			children = (
				09D1D06C2B9EEA0C00091D7E /* Supporting */,
				09D1D0482B9EE92600091D7E /* AppDelegate.swift */,
				09D1D04A2B9EE92600091D7E /* SceneDelegate.swift */,
				09D1D06E2B9EEA2D00091D7E /* Network */,
				09D1D06D2B9EEA2000091D7E /* Helpers */,
				09D1D0702B9EEA5600091D7E /* VC */,
				09D1D04C2B9EE92600091D7E /* ViewController.swift */,
				09D1D04E2B9EE92600091D7E /* Main.storyboard */,
				09D1D0512B9EE92700091D7E /* Assets.xcassets */,
				09D1D0532B9EE92700091D7E /* LaunchScreen.storyboard */,
				09D1D0562B9EE92700091D7E /* Info.plist */,
			);
			path = BankApiCornerStone;
			sourceTree = "<group>";
		};
		09D1D06C2B9EEA0C00091D7E /* Supporting */ = {
			isa = PBXGroup;
			children = (
			);
			path = Supporting;
			sourceTree = "<group>";
		};
		09D1D06D2B9EEA2000091D7E /* Helpers */ = {
			isa = PBXGroup;
			children = (
			);
			path = Helpers;
			sourceTree = "<group>";
		};
		09D1D06E2B9EEA2D00091D7E /* Network */ = {
			isa = PBXGroup;
			children = (
				09D1D0712B9EEC2A00091D7E /* NetworkManager.swift */,
			);
			path = Network;
			sourceTree = "<group>";
		};
		09D1D06F2B9EEA4700091D7E /* Model */ = {
			isa = PBXGroup;
			children = (
				09D1D0732B9EEC4300091D7E /* User.swift */,
				09D1D0752B9EED4500091D7E /* TokenResponse.swift */,
				09D1D0772B9EEDE000091D7E /* SignUpViewController.swift */,
				09D1D0792B9EF88A00091D7E /* SignInViewController.swift */,
			);
			path = Model;
			sourceTree = "<group>";
		};
		09D1D0702B9EEA5600091D7E /* VC */ = {
			isa = PBXGroup;
			children = (
			);
			path = VC;
			sourceTree = "<group>";
		};
/* End PBXGroup section */

/* Begin PBXNativeTarget section */
		09D1D0442B9EE92600091D7E /* BankApiCornerStone */ = {
			isa = PBXNativeTarget;
			buildConfigurationList = 09D1D0592B9EE92700091D7E /* Build configuration list for PBXNativeTarget "BankApiCornerStone" */;
			buildPhases = (
				09D1D0412B9EE92600091D7E /* Sources */,
				09D1D0422B9EE92600091D7E /* Frameworks */,
				09D1D0432B9EE92600091D7E /* Resources */,
			);
			buildRules = (
			);
			dependencies = (
			);
			name = BankApiCornerStone;
			packageProductDependencies = (
				09D1D05D2B9EE93200091D7E /* SnapKit */,
				09D1D05F2B9EE93200091D7E /* SnapKit-Dynamic */,
				09D1D0622B9EE93C00091D7E /* Kingfisher */,
				09D1D0652B9EE94C00091D7E /* Alamofire */,
				09D1D0672B9EE94C00091D7E /* AlamofireDynamic */,
				09D1D06A2B9EE96E00091D7E /* Eureka */,
			);
			productName = BankApiCornerStone;
			productReference = 09D1D0452B9EE92600091D7E /* BankApiCornerStone.app */;
			productType = "com.apple.product-type.application";
		};
/* End PBXNativeTarget section */

/* Begin PBXProject section */
		09D1D03D2B9EE92600091D7E /* Project object */ = {
			isa = PBXProject;
			attributes = {
				BuildIndependentTargetsInParallel = 1;
				LastSwiftUpdateCheck = 1530;
				LastUpgradeCheck = 1530;
				TargetAttributes = {
					09D1D0442B9EE92600091D7E = {
						CreatedOnToolsVersion = 15.3;
					};
				};
			};
			buildConfigurationList = 09D1D0402B9EE92600091D7E /* Build configuration list for PBXProject "BankApiCornerStone" */;
			compatibilityVersion = "Xcode 14.0";
			developmentRegion = en;
			hasScannedForEncodings = 0;
			knownRegions = (
				en,
				Base,
			);
			mainGroup = 09D1D03C2B9EE92600091D7E;
			packageReferences = (
				09D1D05C2B9EE93200091D7E /* XCRemoteSwiftPackageReference "SnapKit" */,
				09D1D0612B9EE93C00091D7E /* XCRemoteSwiftPackageReference "Kingfisher" */,
				09D1D0642B9EE94C00091D7E /* XCRemoteSwiftPackageReference "Alamofire" */,
				09D1D0692B9EE96E00091D7E /* XCRemoteSwiftPackageReference "Eureka" */,
			);
			productRefGroup = 09D1D0462B9EE92600091D7E /* Products */;
			projectDirPath = "";
			projectRoot = "";
			targets = (
				09D1D0442B9EE92600091D7E /* BankApiCornerStone */,
			);
		};
/* End PBXProject section */

/* Begin PBXResourcesBuildPhase section */
		09D1D0432B9EE92600091D7E /* Resources */ = {
			isa = PBXResourcesBuildPhase;
			buildActionMask = 2147483647;
			files = (
				09D1D0522B9EE92700091D7E /* Assets.xcassets in Resources */,
				09D1D0552B9EE92700091D7E /* Base in Resources */,
				09D1D0502B9EE92600091D7E /* Base in Resources */,
			);
			runOnlyForDeploymentPostprocessing = 0;
		};
/* End PBXResourcesBuildPhase section */

/* Begin PBXSourcesBuildPhase section */
		09D1D0412B9EE92600091D7E /* Sources */ = {
			isa = PBXSourcesBuildPhase;
			buildActionMask = 2147483647;
			files = (
				09D1D0762B9EED4500091D7E /* TokenResponse.swift in Sources */,
				09D1D0782B9EEDE000091D7E /* SignUpViewController.swift in Sources */,
				09D1D0722B9EEC2A00091D7E /* NetworkManager.swift in Sources */,
				09D1D04D2B9EE92600091D7E /* ViewController.swift in Sources */,
				09D1D07A2B9EF88A00091D7E /* SignInViewController.swift in Sources */,
				09D1D0492B9EE92600091D7E /* AppDelegate.swift in Sources */,
				09D1D0742B9EEC4300091D7E /* User.swift in Sources */,
				09D1D04B2B9EE92600091D7E /* SceneDelegate.swift in Sources */,
			);
			runOnlyForDeploymentPostprocessing = 0;
		};
/* End PBXSourcesBuildPhase section */

/* Begin PBXVariantGroup section */
		09D1D04E2B9EE92600091D7E /* Main.storyboard */ = {
			isa = PBXVariantGroup;
			children = (
				09D1D04F2B9EE92600091D7E /* Base */,
			);
			name = Main.storyboard;
			sourceTree = "<group>";
		};
		09D1D0532B9EE92700091D7E /* LaunchScreen.storyboard */ = {
			isa = PBXVariantGroup;
			children = (
				09D1D0542B9EE92700091D7E /* Base */,
			);
			name = LaunchScreen.storyboard;
			sourceTree = "<group>";
		};
/* End PBXVariantGroup section */

/* Begin XCBuildConfiguration section */
		09D1D0572B9EE92700091D7E /* Debug */ = {
			isa = XCBuildConfiguration;
			buildSettings = {
				ALWAYS_SEARCH_USER_PATHS = NO;
				ASSETCATALOG_COMPILER_GENERATE_SWIFT_ASSET_SYMBOL_EXTENSIONS = YES;
				CLANG_ANALYZER_NONNULL = YES;
				CLANG_ANALYZER_NUMBER_OBJECT_CONVERSION = YES_AGGRESSIVE;
				CLANG_CXX_LANGUAGE_STANDARD = "gnu++20";
				CLANG_ENABLE_MODULES = YES;
				CLANG_ENABLE_OBJC_ARC = YES;
				CLANG_ENABLE_OBJC_WEAK = YES;
				CLANG_WARN_BLOCK_CAPTURE_AUTORELEASING = YES;
				CLANG_WARN_BOOL_CONVERSION = YES;
				CLANG_WARN_COMMA = YES;
				CLANG_WARN_CONSTANT_CONVERSION = YES;
				CLANG_WARN_DEPRECATED_OBJC_IMPLEMENTATIONS = YES;
				CLANG_WARN_DIRECT_OBJC_ISA_USAGE = YES_ERROR;
				CLANG_WARN_DOCUMENTATION_COMMENTS = YES;
				CLANG_WARN_EMPTY_BODY = YES;
				CLANG_WARN_ENUM_CONVERSION = YES;
				CLANG_WARN_INFINITE_RECURSION = YES;
				CLANG_WARN_INT_CONVERSION = YES;
				CLANG_WARN_NON_LITERAL_NULL_CONVERSION = YES;
				CLANG_WARN_OBJC_IMPLICIT_RETAIN_SELF = YES;
				CLANG_WARN_OBJC_LITERAL_CONVERSION = YES;
				CLANG_WARN_OBJC_ROOT_CLASS = YES_ERROR;
				CLANG_WARN_QUOTED_INCLUDE_IN_FRAMEWORK_HEADER = YES;
				CLANG_WARN_RANGE_LOOP_ANALYSIS = YES;
				CLANG_WARN_STRICT_PROTOTYPES = YES;
				CLANG_WARN_SUSPICIOUS_MOVE = YES;
				CLANG_WARN_UNGUARDED_AVAILABILITY = YES_AGGRESSIVE;
				CLANG_WARN_UNREACHABLE_CODE = YES;
				CLANG_WARN__DUPLICATE_METHOD_MATCH = YES;
				COPY_PHASE_STRIP = NO;
				DEBUG_INFORMATION_FORMAT = dwarf;
				ENABLE_STRICT_OBJC_MSGSEND = YES;
				ENABLE_TESTABILITY = YES;
				ENABLE_USER_SCRIPT_SANDBOXING = YES;
				GCC_C_LANGUAGE_STANDARD = gnu17;
				GCC_DYNAMIC_NO_PIC = NO;
				GCC_NO_COMMON_BLOCKS = YES;
				GCC_OPTIMIZATION_LEVEL = 0;
				GCC_PREPROCESSOR_DEFINITIONS = (
					"DEBUG=1",
					"$(inherited)",
				);
				GCC_WARN_64_TO_32_BIT_CONVERSION = YES;
				GCC_WARN_ABOUT_RETURN_TYPE = YES_ERROR;
				GCC_WARN_UNDECLARED_SELECTOR = YES;
				GCC_WARN_UNINITIALIZED_AUTOS = YES_AGGRESSIVE;
				GCC_WARN_UNUSED_FUNCTION = YES;
				GCC_WARN_UNUSED_VARIABLE = YES;
				IPHONEOS_DEPLOYMENT_TARGET = 17.4;
				LOCALIZATION_PREFERS_STRING_CATALOGS = YES;
				MTL_ENABLE_DEBUG_INFO = INCLUDE_SOURCE;
				MTL_FAST_MATH = YES;
				ONLY_ACTIVE_ARCH = YES;
				SDKROOT = iphoneos;
				SWIFT_ACTIVE_COMPILATION_CONDITIONS = "DEBUG $(inherited)";
				SWIFT_OPTIMIZATION_LEVEL = "-Onone";
			};
			name = Debug;
		};
		09D1D0582B9EE92700091D7E /* Release */ = {
			isa = XCBuildConfiguration;
			buildSettings = {
				ALWAYS_SEARCH_USER_PATHS = NO;
				ASSETCATALOG_COMPILER_GENERATE_SWIFT_ASSET_SYMBOL_EXTENSIONS = YES;
				CLANG_ANALYZER_NONNULL = YES;
				CLANG_ANALYZER_NUMBER_OBJECT_CONVERSION = YES_AGGRESSIVE;
				CLANG_CXX_LANGUAGE_STANDARD = "gnu++20";
				CLANG_ENABLE_MODULES = YES;
				CLANG_ENABLE_OBJC_ARC = YES;
				CLANG_ENABLE_OBJC_WEAK = YES;
				CLANG_WARN_BLOCK_CAPTURE_AUTORELEASING = YES;
				CLANG_WARN_BOOL_CONVERSION = YES;
				CLANG_WARN_COMMA = YES;
				CLANG_WARN_CONSTANT_CONVERSION = YES;
				CLANG_WARN_DEPRECATED_OBJC_IMPLEMENTATIONS = YES;
				CLANG_WARN_DIRECT_OBJC_ISA_USAGE = YES_ERROR;
				CLANG_WARN_DOCUMENTATION_COMMENTS = YES;
				CLANG_WARN_EMPTY_BODY = YES;
				CLANG_WARN_ENUM_CONVERSION = YES;
				CLANG_WARN_INFINITE_RECURSION = YES;
				CLANG_WARN_INT_CONVERSION = YES;
				CLANG_WARN_NON_LITERAL_NULL_CONVERSION = YES;
				CLANG_WARN_OBJC_IMPLICIT_RETAIN_SELF = YES;
				CLANG_WARN_OBJC_LITERAL_CONVERSION = YES;
				CLANG_WARN_OBJC_ROOT_CLASS = YES_ERROR;
				CLANG_WARN_QUOTED_INCLUDE_IN_FRAMEWORK_HEADER = YES;
				CLANG_WARN_RANGE_LOOP_ANALYSIS = YES;
				CLANG_WARN_STRICT_PROTOTYPES = YES;
				CLANG_WARN_SUSPICIOUS_MOVE = YES;
				CLANG_WARN_UNGUARDED_AVAILABILITY = YES_AGGRESSIVE;
				CLANG_WARN_UNREACHABLE_CODE = YES;
				CLANG_WARN__DUPLICATE_METHOD_MATCH = YES;
				COPY_PHASE_STRIP = NO;
				DEBUG_INFORMATION_FORMAT = "dwarf-with-dsym";
				ENABLE_NS_ASSERTIONS = NO;
				ENABLE_STRICT_OBJC_MSGSEND = YES;
				ENABLE_USER_SCRIPT_SANDBOXING = YES;
				GCC_C_LANGUAGE_STANDARD = gnu17;
				GCC_NO_COMMON_BLOCKS = YES;
				GCC_WARN_64_TO_32_BIT_CONVERSION = YES;
				GCC_WARN_ABOUT_RETURN_TYPE = YES_ERROR;
				GCC_WARN_UNDECLARED_SELECTOR = YES;
				GCC_WARN_UNINITIALIZED_AUTOS = YES_AGGRESSIVE;
				GCC_WARN_UNUSED_FUNCTION = YES;
				GCC_WARN_UNUSED_VARIABLE = YES;
				IPHONEOS_DEPLOYMENT_TARGET = 17.4;
				LOCALIZATION_PREFERS_STRING_CATALOGS = YES;
				MTL_ENABLE_DEBUG_INFO = NO;
				MTL_FAST_MATH = YES;
				SDKROOT = iphoneos;
				SWIFT_COMPILATION_MODE = wholemodule;
				VALIDATE_PRODUCT = YES;
			};
			name = Release;
		};
		09D1D05A2B9EE92700091D7E /* Debug */ = {
			isa = XCBuildConfiguration;
			buildSettings = {
				ASSETCATALOG_COMPILER_APPICON_NAME = AppIcon;
				ASSETCATALOG_COMPILER_GLOBAL_ACCENT_COLOR_NAME = AccentColor;
				CODE_SIGN_STYLE = Automatic;
				CURRENT_PROJECT_VERSION = 1;
				GENERATE_INFOPLIST_FILE = YES;
				INFOPLIST_FILE = BankApiCornerStone/Info.plist;
				INFOPLIST_KEY_UIApplicationSupportsIndirectInputEvents = YES;
				INFOPLIST_KEY_UILaunchStoryboardName = LaunchScreen;
				INFOPLIST_KEY_UIMainStoryboardFile = Main;
				INFOPLIST_KEY_UISupportedInterfaceOrientations_iPad = "UIInterfaceOrientationPortrait UIInterfaceOrientationPortraitUpsideDown UIInterfaceOrientationLandscapeLeft UIInterfaceOrientationLandscapeRight";
				INFOPLIST_KEY_UISupportedInterfaceOrientations_iPhone = "UIInterfaceOrientationPortrait UIInterfaceOrientationLandscapeLeft UIInterfaceOrientationLandscapeRight";
				LD_RUNPATH_SEARCH_PATHS = (
					"$(inherited)",
					"@executable_path/Frameworks",
				);
				MARKETING_VERSION = 1.0;
				PRODUCT_BUNDLE_IDENTIFIER = coded.BankApiCornerStone;
				PRODUCT_NAME = "$(TARGET_NAME)";
				SWIFT_EMIT_LOC_STRINGS = YES;
				SWIFT_VERSION = 5.0;
				TARGETED_DEVICE_FAMILY = "1,2";
			};
			name = Debug;
		};
		09D1D05B2B9EE92700091D7E /* Release */ = {
			isa = XCBuildConfiguration;
			buildSettings = {
				ASSETCATALOG_COMPILER_APPICON_NAME = AppIcon;
				ASSETCATALOG_COMPILER_GLOBAL_ACCENT_COLOR_NAME = AccentColor;
				CODE_SIGN_STYLE = Automatic;
				CURRENT_PROJECT_VERSION = 1;
				GENERATE_INFOPLIST_FILE = YES;
				INFOPLIST_FILE = BankApiCornerStone/Info.plist;
				INFOPLIST_KEY_UIApplicationSupportsIndirectInputEvents = YES;
				INFOPLIST_KEY_UILaunchStoryboardName = LaunchScreen;
				INFOPLIST_KEY_UIMainStoryboardFile = Main;
				INFOPLIST_KEY_UISupportedInterfaceOrientations_iPad = "UIInterfaceOrientationPortrait UIInterfaceOrientationPortraitUpsideDown UIInterfaceOrientationLandscapeLeft UIInterfaceOrientationLandscapeRight";
				INFOPLIST_KEY_UISupportedInterfaceOrientations_iPhone = "UIInterfaceOrientationPortrait UIInterfaceOrientationLandscapeLeft UIInterfaceOrientationLandscapeRight";
				LD_RUNPATH_SEARCH_PATHS = (
					"$(inherited)",
					"@executable_path/Frameworks",
				);
				MARKETING_VERSION = 1.0;
				PRODUCT_BUNDLE_IDENTIFIER = coded.BankApiCornerStone;
				PRODUCT_NAME = "$(TARGET_NAME)";
				SWIFT_EMIT_LOC_STRINGS = YES;
				SWIFT_VERSION = 5.0;
				TARGETED_DEVICE_FAMILY = "1,2";
			};
			name = Release;
		};
/* End XCBuildConfiguration section */

/* Begin XCConfigurationList section */
		09D1D0402B9EE92600091D7E /* Build configuration list for PBXProject "BankApiCornerStone" */ = {
			isa = XCConfigurationList;
			buildConfigurations = (
				09D1D0572B9EE92700091D7E /* Debug */,
				09D1D0582B9EE92700091D7E /* Release */,
			);
			defaultConfigurationIsVisible = 0;
			defaultConfigurationName = Release;
		};
		09D1D0592B9EE92700091D7E /* Build configuration list for PBXNativeTarget "BankApiCornerStone" */ = {
			isa = XCConfigurationList;
			buildConfigurations = (
				09D1D05A2B9EE92700091D7E /* Debug */,
				09D1D05B2B9EE92700091D7E /* Release */,
			);
			defaultConfigurationIsVisible = 0;
			defaultConfigurationName = Release;
		};
/* End XCConfigurationList section */

/* Begin XCRemoteSwiftPackageReference section */
		09D1D05C2B9EE93200091D7E /* XCRemoteSwiftPackageReference "SnapKit" */ = {
			isa = XCRemoteSwiftPackageReference;
			repositoryURL = "https://github.com/SnapKit/SnapKit.git";
			requirement = {
				kind = upToNextMajorVersion;
				minimumVersion = 5.7.1;
			};
		};
		09D1D0612B9EE93C00091D7E /* XCRemoteSwiftPackageReference "Kingfisher" */ = {
			isa = XCRemoteSwiftPackageReference;
			repositoryURL = "https://github.com/onevcat/Kingfisher.git";
			requirement = {
				kind = upToNextMajorVersion;
				minimumVersion = 7.11.0;
			};
		};
		09D1D0642B9EE94C00091D7E /* XCRemoteSwiftPackageReference "Alamofire" */ = {
			isa = XCRemoteSwiftPackageReference;
			repositoryURL = "https://github.com/Alamofire/Alamofire";
			requirement = {
				kind = upToNextMajorVersion;
				minimumVersion = 5.9.0;
			};
		};
		09D1D0692B9EE96E00091D7E /* XCRemoteSwiftPackageReference "Eureka" */ = {
			isa = XCRemoteSwiftPackageReference;
			repositoryURL = "https://github.com/xmartlabs/Eureka";
			requirement = {
				kind = upToNextMajorVersion;
				minimumVersion = 5.4.0;
			};
		};
/* End XCRemoteSwiftPackageReference section */

/* Begin XCSwiftPackageProductDependency section */
		09D1D05D2B9EE93200091D7E /* SnapKit */ = {
			isa = XCSwiftPackageProductDependency;
			package = 09D1D05C2B9EE93200091D7E /* XCRemoteSwiftPackageReference "SnapKit" */;
			productName = SnapKit;
		};
		09D1D05F2B9EE93200091D7E /* SnapKit-Dynamic */ = {
			isa = XCSwiftPackageProductDependency;
			package = 09D1D05C2B9EE93200091D7E /* XCRemoteSwiftPackageReference "SnapKit" */;
			productName = "SnapKit-Dynamic";
		};
		09D1D0622B9EE93C00091D7E /* Kingfisher */ = {
			isa = XCSwiftPackageProductDependency;
			package = 09D1D0612B9EE93C00091D7E /* XCRemoteSwiftPackageReference "Kingfisher" */;
			productName = Kingfisher;
		};
		09D1D0652B9EE94C00091D7E /* Alamofire */ = {
			isa = XCSwiftPackageProductDependency;
			package = 09D1D0642B9EE94C00091D7E /* XCRemoteSwiftPackageReference "Alamofire" */;
			productName = Alamofire;
		};
		09D1D0672B9EE94C00091D7E /* AlamofireDynamic */ = {
			isa = XCSwiftPackageProductDependency;
			package = 09D1D0642B9EE94C00091D7E /* XCRemoteSwiftPackageReference "Alamofire" */;
			productName = AlamofireDynamic;
		};
		09D1D06A2B9EE96E00091D7E /* Eureka */ = {
			isa = XCSwiftPackageProductDependency;
			package = 09D1D0692B9EE96E00091D7E /* XCRemoteSwiftPackageReference "Eureka" */;
			productName = Eureka;
		};
/* End XCSwiftPackageProductDependency section */
	};
	rootObject = 09D1D03D2B9EE92600091D7E /* Project object */;
}
